// !$*UTF8*$!
{
	archiveVersion = 1;
	classes = {
	};
	objectVersion = 51;
	objects = {

/* Begin PBXBuildFile section */
		27C31A8C23826CB000FBFE05 /* AppDelegate.swift in Sources */ = {isa = PBXBuildFile; fileRef = 27C31A8B23826CB000FBFE05 /* AppDelegate.swift */; };
		27C31A8E23826CB000FBFE05 /* SceneDelegate.swift in Sources */ = {isa = PBXBuildFile; fileRef = 27C31A8D23826CB000FBFE05 /* SceneDelegate.swift */; };
		27C31A9323826CB000FBFE05 /* Main.storyboard in Resources */ = {isa = PBXBuildFile; fileRef = 27C31A9123826CB000FBFE05 /* Main.storyboard */; };
		27C31A9523826CB400FBFE05 /* Assets.xcassets in Resources */ = {isa = PBXBuildFile; fileRef = 27C31A9423826CB400FBFE05 /* Assets.xcassets */; };
		27C31A9823826CB400FBFE05 /* LaunchScreen.storyboard in Resources */ = {isa = PBXBuildFile; fileRef = 27C31A9623826CB400FBFE05 /* LaunchScreen.storyboard */; };
		27C31AA323826CB400FBFE05 /* MyCurrencyTests.swift in Sources */ = {isa = PBXBuildFile; fileRef = 27C31AA223826CB400FBFE05 /* MyCurrencyTests.swift */; };
		27C31AAE23826CB500FBFE05 /* MyCurrencyUITests.swift in Sources */ = {isa = PBXBuildFile; fileRef = 27C31AAD23826CB500FBFE05 /* MyCurrencyUITests.swift */; };
		27C31ABD2382702C00FBFE05 /* NetworkProvider.swift in Sources */ = {isa = PBXBuildFile; fileRef = 27C31ABC2382702C00FBFE05 /* NetworkProvider.swift */; };
		27C31ABF238270A700FBFE05 /* SQLogger.swift in Sources */ = {isa = PBXBuildFile; fileRef = 27C31ABE238270A700FBFE05 /* SQLogger.swift */; };
		27C31AC22382716400FBFE05 /* ModelError.swift in Sources */ = {isa = PBXBuildFile; fileRef = 27C31AC12382716400FBFE05 /* ModelError.swift */; };
		27C31AC42382728F00FBFE05 /* NetworkCurrencyLayer.swift in Sources */ = {isa = PBXBuildFile; fileRef = 27C31AC32382728F00FBFE05 /* NetworkCurrencyLayer.swift */; };
		27C31AC62382776700FBFE05 /* ModelResponseCurrency.swift in Sources */ = {isa = PBXBuildFile; fileRef = 27C31AC52382776700FBFE05 /* ModelResponseCurrency.swift */; };
		27C31ACA238280EC00FBFE05 /* HomeVC.swift in Sources */ = {isa = PBXBuildFile; fileRef = 27C31AC9238280EC00FBFE05 /* HomeVC.swift */; };
		27C31ACC2382810F00FBFE05 /* HomeViewModel.swift in Sources */ = {isa = PBXBuildFile; fileRef = 27C31ACB2382810F00FBFE05 /* HomeViewModel.swift */; };
		27C31ACE2382816E00FBFE05 /* BaseViewModel.swift in Sources */ = {isa = PBXBuildFile; fileRef = 27C31ACD2382816E00FBFE05 /* BaseViewModel.swift */; };
		27C31AD0238282E700FBFE05 /* NetworkConfigurations.swift in Sources */ = {isa = PBXBuildFile; fileRef = 27C31ACF238282E700FBFE05 /* NetworkConfigurations.swift */; };
		27C31AD323828F0E00FBFE05 /* CellResultConvert.swift in Sources */ = {isa = PBXBuildFile; fileRef = 27C31AD123828F0E00FBFE05 /* CellResultConvert.swift */; };
		27C31AD423828F0E00FBFE05 /* CellResultConvert.xib in Resources */ = {isa = PBXBuildFile; fileRef = 27C31AD223828F0E00FBFE05 /* CellResultConvert.xib */; };
		27C31AD62383BB0C00FBFE05 /* BaseViewController.swift in Sources */ = {isa = PBXBuildFile; fileRef = 27C31AD52383BB0C00FBFE05 /* BaseViewController.swift */; };
		27C31ADF2383DFB900FBFE05 /* RPicker.swift in Sources */ = {isa = PBXBuildFile; fileRef = 27C31ADD2383DFB900FBFE05 /* RPicker.swift */; };
		27C31AE02383DFB900FBFE05 /* Reachability.swift in Sources */ = {isa = PBXBuildFile; fileRef = 27C31ADE2383DFB900FBFE05 /* Reachability.swift */; };
		351EFA6FAF327AE5F083B8B2 /* Pods_MyCurrency_MyCurrencyUITests.framework in Frameworks */ = {isa = PBXBuildFile; fileRef = CC32935F753D1EE18F5709DC /* Pods_MyCurrency_MyCurrencyUITests.framework */; };
		406557CA0B8108CB6ECEEB69 /* Pods_MyCurrency.framework in Frameworks */ = {isa = PBXBuildFile; fileRef = 2BD18ADC41F39702D627F49C /* Pods_MyCurrency.framework */; };
		F3253CB017DF0A51520A0A4A /* Pods_MyCurrencyTests.framework in Frameworks */ = {isa = PBXBuildFile; fileRef = 71D8EA85229569FD617AB38B /* Pods_MyCurrencyTests.framework */; };
/* End PBXBuildFile section */

/* Begin PBXContainerItemProxy section */
		27C31A9F23826CB400FBFE05 /* PBXContainerItemProxy */ = {
			isa = PBXContainerItemProxy;
			containerPortal = 27C31A8023826CB000FBFE05 /* Project object */;
			proxyType = 1;
			remoteGlobalIDString = 27C31A8723826CB000FBFE05;
			remoteInfo = MyCurrency;
		};
		27C31AAA23826CB500FBFE05 /* PBXContainerItemProxy */ = {
			isa = PBXContainerItemProxy;
			containerPortal = 27C31A8023826CB000FBFE05 /* Project object */;
			proxyType = 1;
			remoteGlobalIDString = 27C31A8723826CB000FBFE05;
			remoteInfo = MyCurrency;
		};
/* End PBXContainerItemProxy section */

/* Begin PBXFileReference section */
		27C31A8823826CB000FBFE05 /* MyCurrency.app */ = {isa = PBXFileReference; explicitFileType = wrapper.application; includeInIndex = 0; path = MyCurrency.app; sourceTree = BUILT_PRODUCTS_DIR; };
		27C31A8B23826CB000FBFE05 /* AppDelegate.swift */ = {isa = PBXFileReference; lastKnownFileType = sourcecode.swift; path = AppDelegate.swift; sourceTree = "<group>"; };
		27C31A8D23826CB000FBFE05 /* SceneDelegate.swift */ = {isa = PBXFileReference; lastKnownFileType = sourcecode.swift; path = SceneDelegate.swift; sourceTree = "<group>"; };
		27C31A9223826CB000FBFE05 /* Base */ = {isa = PBXFileReference; lastKnownFileType = file.storyboard; name = Base; path = Base.lproj/Main.storyboard; sourceTree = "<group>"; };
		27C31A9423826CB400FBFE05 /* Assets.xcassets */ = {isa = PBXFileReference; lastKnownFileType = folder.assetcatalog; path = Assets.xcassets; sourceTree = "<group>"; };
		27C31A9723826CB400FBFE05 /* Base */ = {isa = PBXFileReference; lastKnownFileType = file.storyboard; name = Base; path = Base.lproj/LaunchScreen.storyboard; sourceTree = "<group>"; };
		27C31A9923826CB400FBFE05 /* Info.plist */ = {isa = PBXFileReference; lastKnownFileType = text.plist.xml; path = Info.plist; sourceTree = "<group>"; };
		27C31A9E23826CB400FBFE05 /* MyCurrencyTests.xctest */ = {isa = PBXFileReference; explicitFileType = wrapper.cfbundle; includeInIndex = 0; path = MyCurrencyTests.xctest; sourceTree = BUILT_PRODUCTS_DIR; };
		27C31AA223826CB400FBFE05 /* MyCurrencyTests.swift */ = {isa = PBXFileReference; lastKnownFileType = sourcecode.swift; path = MyCurrencyTests.swift; sourceTree = "<group>"; };
		27C31AA423826CB500FBFE05 /* Info.plist */ = {isa = PBXFileReference; lastKnownFileType = text.plist.xml; path = Info.plist; sourceTree = "<group>"; };
		27C31AA923826CB500FBFE05 /* MyCurrencyUITests.xctest */ = {isa = PBXFileReference; explicitFileType = wrapper.cfbundle; includeInIndex = 0; path = MyCurrencyUITests.xctest; sourceTree = BUILT_PRODUCTS_DIR; };
		27C31AAD23826CB500FBFE05 /* MyCurrencyUITests.swift */ = {isa = PBXFileReference; lastKnownFileType = sourcecode.swift; path = MyCurrencyUITests.swift; sourceTree = "<group>"; };
		27C31AAF23826CB500FBFE05 /* Info.plist */ = {isa = PBXFileReference; lastKnownFileType = text.plist.xml; path = Info.plist; sourceTree = "<group>"; };
		27C31ABC2382702C00FBFE05 /* NetworkProvider.swift */ = {isa = PBXFileReference; lastKnownFileType = sourcecode.swift; path = NetworkProvider.swift; sourceTree = "<group>"; };
		27C31ABE238270A700FBFE05 /* SQLogger.swift */ = {isa = PBXFileReference; lastKnownFileType = sourcecode.swift; path = SQLogger.swift; sourceTree = "<group>"; };
		27C31AC12382716400FBFE05 /* ModelError.swift */ = {isa = PBXFileReference; lastKnownFileType = sourcecode.swift; path = ModelError.swift; sourceTree = "<group>"; };
		27C31AC32382728F00FBFE05 /* NetworkCurrencyLayer.swift */ = {isa = PBXFileReference; lastKnownFileType = sourcecode.swift; path = NetworkCurrencyLayer.swift; sourceTree = "<group>"; };
		27C31AC52382776700FBFE05 /* ModelResponseCurrency.swift */ = {isa = PBXFileReference; lastKnownFileType = sourcecode.swift; path = ModelResponseCurrency.swift; sourceTree = "<group>"; };
		27C31AC9238280EC00FBFE05 /* HomeVC.swift */ = {isa = PBXFileReference; lastKnownFileType = sourcecode.swift; path = HomeVC.swift; sourceTree = "<group>"; };
		27C31ACB2382810F00FBFE05 /* HomeViewModel.swift */ = {isa = PBXFileReference; lastKnownFileType = sourcecode.swift; path = HomeViewModel.swift; sourceTree = "<group>"; };
		27C31ACD2382816E00FBFE05 /* BaseViewModel.swift */ = {isa = PBXFileReference; lastKnownFileType = sourcecode.swift; path = BaseViewModel.swift; sourceTree = "<group>"; };
		27C31ACF238282E700FBFE05 /* NetworkConfigurations.swift */ = {isa = PBXFileReference; lastKnownFileType = sourcecode.swift; path = NetworkConfigurations.swift; sourceTree = "<group>"; };
		27C31AD123828F0E00FBFE05 /* CellResultConvert.swift */ = {isa = PBXFileReference; lastKnownFileType = sourcecode.swift; path = CellResultConvert.swift; sourceTree = "<group>"; };
		27C31AD223828F0E00FBFE05 /* CellResultConvert.xib */ = {isa = PBXFileReference; lastKnownFileType = file.xib; path = CellResultConvert.xib; sourceTree = "<group>"; };
		27C31AD52383BB0C00FBFE05 /* BaseViewController.swift */ = {isa = PBXFileReference; lastKnownFileType = sourcecode.swift; path = BaseViewController.swift; sourceTree = "<group>"; };
		27C31ADD2383DFB900FBFE05 /* RPicker.swift */ = {isa = PBXFileReference; fileEncoding = 4; lastKnownFileType = sourcecode.swift; path = RPicker.swift; sourceTree = "<group>"; };
		27C31ADE2383DFB900FBFE05 /* Reachability.swift */ = {isa = PBXFileReference; fileEncoding = 4; lastKnownFileType = sourcecode.swift; path = Reachability.swift; sourceTree = "<group>"; };
		2BD18ADC41F39702D627F49C /* Pods_MyCurrency.framework */ = {isa = PBXFileReference; explicitFileType = wrapper.framework; includeInIndex = 0; path = Pods_MyCurrency.framework; sourceTree = BUILT_PRODUCTS_DIR; };
		71D8EA85229569FD617AB38B /* Pods_MyCurrencyTests.framework */ = {isa = PBXFileReference; explicitFileType = wrapper.framework; includeInIndex = 0; path = Pods_MyCurrencyTests.framework; sourceTree = BUILT_PRODUCTS_DIR; };
		77C7A6194F209AD6ACA3532F /* Pods-MyCurrency.debug.xcconfig */ = {isa = PBXFileReference; includeInIndex = 1; lastKnownFileType = text.xcconfig; name = "Pods-MyCurrency.debug.xcconfig"; path = "Target Support Files/Pods-MyCurrency/Pods-MyCurrency.debug.xcconfig"; sourceTree = "<group>"; };
		7A7FA60399698DC44B7C1EC5 /* Pods-MyCurrencyTests.release.xcconfig */ = {isa = PBXFileReference; includeInIndex = 1; lastKnownFileType = text.xcconfig; name = "Pods-MyCurrencyTests.release.xcconfig"; path = "Target Support Files/Pods-MyCurrencyTests/Pods-MyCurrencyTests.release.xcconfig"; sourceTree = "<group>"; };
		7CCBB90FA9A0B43FA3106519 /* Pods-MyCurrency-MyCurrencyUITests.release.xcconfig */ = {isa = PBXFileReference; includeInIndex = 1; lastKnownFileType = text.xcconfig; name = "Pods-MyCurrency-MyCurrencyUITests.release.xcconfig"; path = "Target Support Files/Pods-MyCurrency-MyCurrencyUITests/Pods-MyCurrency-MyCurrencyUITests.release.xcconfig"; sourceTree = "<group>"; };
		9CB5D3252D33CEBCBF5765D3 /* Pods-MyCurrency.release.xcconfig */ = {isa = PBXFileReference; includeInIndex = 1; lastKnownFileType = text.xcconfig; name = "Pods-MyCurrency.release.xcconfig"; path = "Target Support Files/Pods-MyCurrency/Pods-MyCurrency.release.xcconfig"; sourceTree = "<group>"; };
		CC32935F753D1EE18F5709DC /* Pods_MyCurrency_MyCurrencyUITests.framework */ = {isa = PBXFileReference; explicitFileType = wrapper.framework; includeInIndex = 0; path = Pods_MyCurrency_MyCurrencyUITests.framework; sourceTree = BUILT_PRODUCTS_DIR; };
		E5175CD2857E0D77445615EE /* Pods-MyCurrency-MyCurrencyUITests.debug.xcconfig */ = {isa = PBXFileReference; includeInIndex = 1; lastKnownFileType = text.xcconfig; name = "Pods-MyCurrency-MyCurrencyUITests.debug.xcconfig"; path = "Target Support Files/Pods-MyCurrency-MyCurrencyUITests/Pods-MyCurrency-MyCurrencyUITests.debug.xcconfig"; sourceTree = "<group>"; };
		F765094F1875342B7F0A2BA1 /* Pods-MyCurrencyTests.debug.xcconfig */ = {isa = PBXFileReference; includeInIndex = 1; lastKnownFileType = text.xcconfig; name = "Pods-MyCurrencyTests.debug.xcconfig"; path = "Target Support Files/Pods-MyCurrencyTests/Pods-MyCurrencyTests.debug.xcconfig"; sourceTree = "<group>"; };
/* End PBXFileReference section */

/* Begin PBXFrameworksBuildPhase section */
		27C31A8523826CB000FBFE05 /* Frameworks */ = {
			isa = PBXFrameworksBuildPhase;
			buildActionMask = 2147483647;
			files = (
				406557CA0B8108CB6ECEEB69 /* Pods_MyCurrency.framework in Frameworks */,
			);
			runOnlyForDeploymentPostprocessing = 0;
		};
		27C31A9B23826CB400FBFE05 /* Frameworks */ = {
			isa = PBXFrameworksBuildPhase;
			buildActionMask = 2147483647;
			files = (
				F3253CB017DF0A51520A0A4A /* Pods_MyCurrencyTests.framework in Frameworks */,
			);
			runOnlyForDeploymentPostprocessing = 0;
		};
		27C31AA623826CB500FBFE05 /* Frameworks */ = {
			isa = PBXFrameworksBuildPhase;
			buildActionMask = 2147483647;
			files = (
				351EFA6FAF327AE5F083B8B2 /* Pods_MyCurrency_MyCurrencyUITests.framework in Frameworks */,
			);
			runOnlyForDeploymentPostprocessing = 0;
		};
/* End PBXFrameworksBuildPhase section */

/* Begin PBXGroup section */
		27C31A7F23826CB000FBFE05 = {
			isa = PBXGroup;
			children = (
				27C31A8A23826CB000FBFE05 /* MyCurrency */,
				27C31AA123826CB400FBFE05 /* MyCurrencyTests */,
				27C31AAC23826CB500FBFE05 /* MyCurrencyUITests */,
				27C31A8923826CB000FBFE05 /* Products */,
				B419FD321BE0506B1E0E4EDE /* Pods */,
				7CB7C37F6A5B21A9E27DCEA1 /* Frameworks */,
			);
			sourceTree = "<group>";
		};
		27C31A8923826CB000FBFE05 /* Products */ = {
			isa = PBXGroup;
			children = (
				27C31A8823826CB000FBFE05 /* MyCurrency.app */,
				27C31A9E23826CB400FBFE05 /* MyCurrencyTests.xctest */,
				27C31AA923826CB500FBFE05 /* MyCurrencyUITests.xctest */,
			);
			name = Products;
			sourceTree = "<group>";
		};
		27C31A8A23826CB000FBFE05 /* MyCurrency */ = {
			isa = PBXGroup;
			children = (
				27C31AD72383BD7000FBFE05 /* Libraries */,
				27C31AC72382803500FBFE05 /* Modules */,
				27C31AC02382714900FBFE05 /* Model */,
				27C31ABB2382701C00FBFE05 /* NetworkProvider */,
				27C31A8B23826CB000FBFE05 /* AppDelegate.swift */,
				27C31A8D23826CB000FBFE05 /* SceneDelegate.swift */,
				27C31A9123826CB000FBFE05 /* Main.storyboard */,
				27C31A9423826CB400FBFE05 /* Assets.xcassets */,
				27C31A9623826CB400FBFE05 /* LaunchScreen.storyboard */,
				27C31A9923826CB400FBFE05 /* Info.plist */,
			);
			path = MyCurrency;
			sourceTree = "<group>";
		};
		27C31AA123826CB400FBFE05 /* MyCurrencyTests */ = {
			isa = PBXGroup;
			children = (
				27C31AA223826CB400FBFE05 /* MyCurrencyTests.swift */,
				27C31AA423826CB500FBFE05 /* Info.plist */,
			);
			path = MyCurrencyTests;
			sourceTree = "<group>";
		};
		27C31AAC23826CB500FBFE05 /* MyCurrencyUITests */ = {
			isa = PBXGroup;
			children = (
				27C31AAD23826CB500FBFE05 /* MyCurrencyUITests.swift */,
				27C31AAF23826CB500FBFE05 /* Info.plist */,
			);
			path = MyCurrencyUITests;
			sourceTree = "<group>";
		};
		27C31ABB2382701C00FBFE05 /* NetworkProvider */ = {
			isa = PBXGroup;
			children = (
				27C31ABC2382702C00FBFE05 /* NetworkProvider.swift */,
				27C31ABE238270A700FBFE05 /* SQLogger.swift */,
				27C31AC32382728F00FBFE05 /* NetworkCurrencyLayer.swift */,
				27C31ACF238282E700FBFE05 /* NetworkConfigurations.swift */,
			);
			path = NetworkProvider;
			sourceTree = "<group>";
		};
		27C31AC02382714900FBFE05 /* Model */ = {
			isa = PBXGroup;
			children = (
				27C31AC12382716400FBFE05 /* ModelError.swift */,
				27C31AC52382776700FBFE05 /* ModelResponseCurrency.swift */,
			);
			path = Model;
			sourceTree = "<group>";
		};
		27C31AC72382803500FBFE05 /* Modules */ = {
			isa = PBXGroup;
			children = (
				27C31AC82382807000FBFE05 /* Home */,
				27C31ACD2382816E00FBFE05 /* BaseViewModel.swift */,
				27C31AD52383BB0C00FBFE05 /* BaseViewController.swift */,
			);
			path = Modules;
			sourceTree = "<group>";
		};
		27C31AC82382807000FBFE05 /* Home */ = {
			isa = PBXGroup;
			children = (
				27C31AC9238280EC00FBFE05 /* HomeVC.swift */,
				27C31ACB2382810F00FBFE05 /* HomeViewModel.swift */,
				27C31AD123828F0E00FBFE05 /* CellResultConvert.swift */,
				27C31AD223828F0E00FBFE05 /* CellResultConvert.xib */,
			);
			path = Home;
			sourceTree = "<group>";
		};
		27C31AD72383BD7000FBFE05 /* Libraries */ = {
			isa = PBXGroup;
			children = (
				27C31ADC2383DFB900FBFE05 /* Libraries */,
			);
			path = Libraries;
			sourceTree = "<group>";
		};
		27C31ADC2383DFB900FBFE05 /* Libraries */ = {
			isa = PBXGroup;
			children = (
				27C31ADD2383DFB900FBFE05 /* RPicker.swift */,
				27C31ADE2383DFB900FBFE05 /* Reachability.swift */,
			);
			name = Libraries;
			sourceTree = "<group>";
		};
		7CB7C37F6A5B21A9E27DCEA1 /* Frameworks */ = {
			isa = PBXGroup;
			children = (
				2BD18ADC41F39702D627F49C /* Pods_MyCurrency.framework */,
				CC32935F753D1EE18F5709DC /* Pods_MyCurrency_MyCurrencyUITests.framework */,
				71D8EA85229569FD617AB38B /* Pods_MyCurrencyTests.framework */,
			);
			name = Frameworks;
			sourceTree = "<group>";
		};
		B419FD321BE0506B1E0E4EDE /* Pods */ = {
			isa = PBXGroup;
			children = (
				77C7A6194F209AD6ACA3532F /* Pods-MyCurrency.debug.xcconfig */,
				9CB5D3252D33CEBCBF5765D3 /* Pods-MyCurrency.release.xcconfig */,
				E5175CD2857E0D77445615EE /* Pods-MyCurrency-MyCurrencyUITests.debug.xcconfig */,
				7CCBB90FA9A0B43FA3106519 /* Pods-MyCurrency-MyCurrencyUITests.release.xcconfig */,
				F765094F1875342B7F0A2BA1 /* Pods-MyCurrencyTests.debug.xcconfig */,
				7A7FA60399698DC44B7C1EC5 /* Pods-MyCurrencyTests.release.xcconfig */,
			);
			path = Pods;
			sourceTree = "<group>";
		};
/* End PBXGroup section */

/* Begin PBXNativeTarget section */
		27C31A8723826CB000FBFE05 /* MyCurrency */ = {
			isa = PBXNativeTarget;
			buildConfigurationList = 27C31AB223826CB500FBFE05 /* Build configuration list for PBXNativeTarget "MyCurrency" */;
			buildPhases = (
				4826E62F565750FA7FAA4912 /* [CP] Check Pods Manifest.lock */,
				27C31A8423826CB000FBFE05 /* Sources */,
				27C31A8523826CB000FBFE05 /* Frameworks */,
				27C31A8623826CB000FBFE05 /* Resources */,
				78E43436FC2E582E00DB67A6 /* [CP] Embed Pods Frameworks */,
			);
			buildRules = (
			);
			dependencies = (
			);
			name = MyCurrency;
			productName = MyCurrency;
			productReference = 27C31A8823826CB000FBFE05 /* MyCurrency.app */;
			productType = "com.apple.product-type.application";
		};
		27C31A9D23826CB400FBFE05 /* MyCurrencyTests */ = {
			isa = PBXNativeTarget;
			buildConfigurationList = 27C31AB523826CB500FBFE05 /* Build configuration list for PBXNativeTarget "MyCurrencyTests" */;
			buildPhases = (
				95C932E18E81EE6462C02896 /* [CP] Check Pods Manifest.lock */,
				27C31A9A23826CB400FBFE05 /* Sources */,
				27C31A9B23826CB400FBFE05 /* Frameworks */,
				27C31A9C23826CB400FBFE05 /* Resources */,
			);
			buildRules = (
			);
			dependencies = (
				27C31AA023826CB400FBFE05 /* PBXTargetDependency */,
			);
			name = MyCurrencyTests;
			productName = MyCurrencyTests;
			productReference = 27C31A9E23826CB400FBFE05 /* MyCurrencyTests.xctest */;
			productType = "com.apple.product-type.bundle.unit-test";
		};
		27C31AA823826CB500FBFE05 /* MyCurrencyUITests */ = {
			isa = PBXNativeTarget;
			buildConfigurationList = 27C31AB823826CB500FBFE05 /* Build configuration list for PBXNativeTarget "MyCurrencyUITests" */;
			buildPhases = (
				4DE33F09571500E5E6A66BEF /* [CP] Check Pods Manifest.lock */,
				27C31AA523826CB500FBFE05 /* Sources */,
				27C31AA623826CB500FBFE05 /* Frameworks */,
				27C31AA723826CB500FBFE05 /* Resources */,
				DA50936A9248F2025FBDF660 /* [CP] Embed Pods Frameworks */,
			);
			buildRules = (
			);
			dependencies = (
				27C31AAB23826CB500FBFE05 /* PBXTargetDependency */,
			);
			name = MyCurrencyUITests;
			productName = MyCurrencyUITests;
			productReference = 27C31AA923826CB500FBFE05 /* MyCurrencyUITests.xctest */;
			productType = "com.apple.product-type.bundle.ui-testing";
		};
/* End PBXNativeTarget section */

/* Begin PBXProject section */
		27C31A8023826CB000FBFE05 /* Project object */ = {
			isa = PBXProject;
			attributes = {
				LastSwiftUpdateCheck = 1110;
				LastUpgradeCheck = 1110;
				ORGANIZATIONNAME = arclaire;
				TargetAttributes = {
					27C31A8723826CB000FBFE05 = {
						CreatedOnToolsVersion = 11.1;
					};
					27C31A9D23826CB400FBFE05 = {
						CreatedOnToolsVersion = 11.1;
						TestTargetID = 27C31A8723826CB000FBFE05;
					};
					27C31AA823826CB500FBFE05 = {
						CreatedOnToolsVersion = 11.1;
						TestTargetID = 27C31A8723826CB000FBFE05;
					};
				};
			};
			buildConfigurationList = 27C31A8323826CB000FBFE05 /* Build configuration list for PBXProject "MyCurrency" */;
			compatibilityVersion = "Xcode 9.3";
			developmentRegion = en;
			hasScannedForEncodings = 0;
			knownRegions = (
				en,
				Base,
			);
			mainGroup = 27C31A7F23826CB000FBFE05;
			productRefGroup = 27C31A8923826CB000FBFE05 /* Products */;
			projectDirPath = "";
			projectRoot = "";
			targets = (
				27C31A8723826CB000FBFE05 /* MyCurrency */,
				27C31A9D23826CB400FBFE05 /* MyCurrencyTests */,
				27C31AA823826CB500FBFE05 /* MyCurrencyUITests */,
			);
		};
/* End PBXProject section */

/* Begin PBXResourcesBuildPhase section */
		27C31A8623826CB000FBFE05 /* Resources */ = {
			isa = PBXResourcesBuildPhase;
			buildActionMask = 2147483647;
			files = (
				27C31A9823826CB400FBFE05 /* LaunchScreen.storyboard in Resources */,
				27C31A9523826CB400FBFE05 /* Assets.xcassets in Resources */,
				27C31AD423828F0E00FBFE05 /* CellResultConvert.xib in Resources */,
				27C31A9323826CB000FBFE05 /* Main.storyboard in Resources */,
			);
			runOnlyForDeploymentPostprocessing = 0;
		};
		27C31A9C23826CB400FBFE05 /* Resources */ = {
			isa = PBXResourcesBuildPhase;
			buildActionMask = 2147483647;
			files = (
			);
			runOnlyForDeploymentPostprocessing = 0;
		};
		27C31AA723826CB500FBFE05 /* Resources */ = {
			isa = PBXResourcesBuildPhase;
			buildActionMask = 2147483647;
			files = (
			);
			runOnlyForDeploymentPostprocessing = 0;
		};
/* End PBXResourcesBuildPhase section */

/* Begin PBXShellScriptBuildPhase section */
		4826E62F565750FA7FAA4912 /* [CP] Check Pods Manifest.lock */ = {
			isa = PBXShellScriptBuildPhase;
			buildActionMask = 2147483647;
			files = (
			);
			inputFileListPaths = (
			);
			inputPaths = (
				"${PODS_PODFILE_DIR_PATH}/Podfile.lock",
				"${PODS_ROOT}/Manifest.lock",
			);
			name = "[CP] Check Pods Manifest.lock";
			outputFileListPaths = (
			);
			outputPaths = (
				"$(DERIVED_FILE_DIR)/Pods-MyCurrency-checkManifestLockResult.txt",
			);
			runOnlyForDeploymentPostprocessing = 0;
			shellPath = /bin/sh;
			shellScript = "diff \"${PODS_PODFILE_DIR_PATH}/Podfile.lock\" \"${PODS_ROOT}/Manifest.lock\" > /dev/null\nif [ $? != 0 ] ; then\n    # print error to STDERR\n    echo \"error: The sandbox is not in sync with the Podfile.lock. Run 'pod install' or update your CocoaPods installation.\" >&2\n    exit 1\nfi\n# This output is used by Xcode 'outputs' to avoid re-running this script phase.\necho \"SUCCESS\" > \"${SCRIPT_OUTPUT_FILE_0}\"\n";
			showEnvVarsInLog = 0;
		};
		4DE33F09571500E5E6A66BEF /* [CP] Check Pods Manifest.lock */ = {
			isa = PBXShellScriptBuildPhase;
			buildActionMask = 2147483647;
			files = (
			);
			inputFileListPaths = (
			);
			inputPaths = (
				"${PODS_PODFILE_DIR_PATH}/Podfile.lock",
				"${PODS_ROOT}/Manifest.lock",
			);
			name = "[CP] Check Pods Manifest.lock";
			outputFileListPaths = (
			);
			outputPaths = (
				"$(DERIVED_FILE_DIR)/Pods-MyCurrency-MyCurrencyUITests-checkManifestLockResult.txt",
			);
			runOnlyForDeploymentPostprocessing = 0;
			shellPath = /bin/sh;
			shellScript = "diff \"${PODS_PODFILE_DIR_PATH}/Podfile.lock\" \"${PODS_ROOT}/Manifest.lock\" > /dev/null\nif [ $? != 0 ] ; then\n    # print error to STDERR\n    echo \"error: The sandbox is not in sync with the Podfile.lock. Run 'pod install' or update your CocoaPods installation.\" >&2\n    exit 1\nfi\n# This output is used by Xcode 'outputs' to avoid re-running this script phase.\necho \"SUCCESS\" > \"${SCRIPT_OUTPUT_FILE_0}\"\n";
			showEnvVarsInLog = 0;
		};
		78E43436FC2E582E00DB67A6 /* [CP] Embed Pods Frameworks */ = {
			isa = PBXShellScriptBuildPhase;
			buildActionMask = 2147483647;
			files = (
			);
			inputFileListPaths = (
				"${PODS_ROOT}/Target Support Files/Pods-MyCurrency/Pods-MyCurrency-frameworks-${CONFIGURATION}-input-files.xcfilelist",
			);
			name = "[CP] Embed Pods Frameworks";
			outputFileListPaths = (
				"${PODS_ROOT}/Target Support Files/Pods-MyCurrency/Pods-MyCurrency-frameworks-${CONFIGURATION}-output-files.xcfilelist",
			);
			runOnlyForDeploymentPostprocessing = 0;
			shellPath = /bin/sh;
			shellScript = "\"${PODS_ROOT}/Target Support Files/Pods-MyCurrency/Pods-MyCurrency-frameworks.sh\"\n";
			showEnvVarsInLog = 0;
		};
		95C932E18E81EE6462C02896 /* [CP] Check Pods Manifest.lock */ = {
			isa = PBXShellScriptBuildPhase;
			buildActionMask = 2147483647;
			files = (
			);
			inputFileListPaths = (
			);
			inputPaths = (
				"${PODS_PODFILE_DIR_PATH}/Podfile.lock",
				"${PODS_ROOT}/Manifest.lock",
			);
			name = "[CP] Check Pods Manifest.lock";
			outputFileListPaths = (
			);
			outputPaths = (
				"$(DERIVED_FILE_DIR)/Pods-MyCurrencyTests-checkManifestLockResult.txt",
			);
			runOnlyForDeploymentPostprocessing = 0;
			shellPath = /bin/sh;
			shellScript = "diff \"${PODS_PODFILE_DIR_PATH}/Podfile.lock\" \"${PODS_ROOT}/Manifest.lock\" > /dev/null\nif [ $? != 0 ] ; then\n    # print error to STDERR\n    echo \"error: The sandbox is not in sync with the Podfile.lock. Run 'pod install' or update your CocoaPods installation.\" >&2\n    exit 1\nfi\n# This output is used by Xcode 'outputs' to avoid re-running this script phase.\necho \"SUCCESS\" > \"${SCRIPT_OUTPUT_FILE_0}\"\n";
			showEnvVarsInLog = 0;
		};
		DA50936A9248F2025FBDF660 /* [CP] Embed Pods Frameworks */ = {
			isa = PBXShellScriptBuildPhase;
			buildActionMask = 2147483647;
			files = (
			);
			inputFileListPaths = (
				"${PODS_ROOT}/Target Support Files/Pods-MyCurrency-MyCurrencyUITests/Pods-MyCurrency-MyCurrencyUITests-frameworks-${CONFIGURATION}-input-files.xcfilelist",
			);
			name = "[CP] Embed Pods Frameworks";
			outputFileListPaths = (
				"${PODS_ROOT}/Target Support Files/Pods-MyCurrency-MyCurrencyUITests/Pods-MyCurrency-MyCurrencyUITests-frameworks-${CONFIGURATION}-output-files.xcfilelist",
			);
			runOnlyForDeploymentPostprocessing = 0;
			shellPath = /bin/sh;
			shellScript = "\"${PODS_ROOT}/Target Support Files/Pods-MyCurrency-MyCurrencyUITests/Pods-MyCurrency-MyCurrencyUITests-frameworks.sh\"\n";
			showEnvVarsInLog = 0;
		};
/* End PBXShellScriptBuildPhase section */

/* Begin PBXSourcesBuildPhase section */
		27C31A8423826CB000FBFE05 /* Sources */ = {
			isa = PBXSourcesBuildPhase;
			buildActionMask = 2147483647;
			files = (
				27C31AD62383BB0C00FBFE05 /* BaseViewController.swift in Sources */,
				27C31AC62382776700FBFE05 /* ModelResponseCurrency.swift in Sources */,
				27C31AD0238282E700FBFE05 /* NetworkConfigurations.swift in Sources */,
				27C31AD323828F0E00FBFE05 /* CellResultConvert.swift in Sources */,
				27C31ACE2382816E00FBFE05 /* BaseViewModel.swift in Sources */,
				27C31ACC2382810F00FBFE05 /* HomeViewModel.swift in Sources */,
				27C31ACA238280EC00FBFE05 /* HomeVC.swift in Sources */,
				27C31ADF2383DFB900FBFE05 /* RPicker.swift in Sources */,
				27C31ABD2382702C00FBFE05 /* NetworkProvider.swift in Sources */,
				27C31AC22382716400FBFE05 /* ModelError.swift in Sources */,
				27C31ABF238270A700FBFE05 /* SQLogger.swift in Sources */,
				27C31A8C23826CB000FBFE05 /* AppDelegate.swift in Sources */,
				27C31A8E23826CB000FBFE05 /* SceneDelegate.swift in Sources */,
				27C31AE02383DFB900FBFE05 /* Reachability.swift in Sources */,
				27C31AC42382728F00FBFE05 /* NetworkCurrencyLayer.swift in Sources */,
			);
			runOnlyForDeploymentPostprocessing = 0;
		};
		27C31A9A23826CB400FBFE05 /* Sources */ = {
			isa = PBXSourcesBuildPhase;
			buildActionMask = 2147483647;
			files = (
				27C31AA323826CB400FBFE05 /* MyCurrencyTests.swift in Sources */,
			);
			runOnlyForDeploymentPostprocessing = 0;
		};
		27C31AA523826CB500FBFE05 /* Sources */ = {
			isa = PBXSourcesBuildPhase;
			buildActionMask = 2147483647;
			files = (
				27C31AAE23826CB500FBFE05 /* MyCurrencyUITests.swift in Sources */,
			);
			runOnlyForDeploymentPostprocessing = 0;
		};
/* End PBXSourcesBuildPhase section */

/* Begin PBXTargetDependency section */
		27C31AA023826CB400FBFE05 /* PBXTargetDependency */ = {
			isa = PBXTargetDependency;
			target = 27C31A8723826CB000FBFE05 /* MyCurrency */;
			targetProxy = 27C31A9F23826CB400FBFE05 /* PBXContainerItemProxy */;
		};
		27C31AAB23826CB500FBFE05 /* PBXTargetDependency */ = {
			isa = PBXTargetDependency;
			target = 27C31A8723826CB000FBFE05 /* MyCurrency */;
			targetProxy = 27C31AAA23826CB500FBFE05 /* PBXContainerItemProxy */;
		};
/* End PBXTargetDependency section */

/* Begin PBXVariantGroup section */
		27C31A9123826CB000FBFE05 /* Main.storyboard */ = {
			isa = PBXVariantGroup;
			children = (
				27C31A9223826CB000FBFE05 /* Base */,
			);
			name = Main.storyboard;
			sourceTree = "<group>";
		};
		27C31A9623826CB400FBFE05 /* LaunchScreen.storyboard */ = {
			isa = PBXVariantGroup;
			children = (
				27C31A9723826CB400FBFE05 /* Base */,
			);
			name = LaunchScreen.storyboard;
			sourceTree = "<group>";
		};
/* End PBXVariantGroup section */

/* Begin XCBuildConfiguration section */
		27C31AB023826CB500FBFE05 /* Debug */ = {
			isa = XCBuildConfiguration;
			buildSettings = {
				ALWAYS_SEARCH_USER_PATHS = NO;
				CLANG_ANALYZER_NONNULL = YES;
				CLANG_ANALYZER_NUMBER_OBJECT_CONVERSION = YES_AGGRESSIVE;
				CLANG_CXX_LANGUAGE_STANDARD = "gnu++14";
				CLANG_CXX_LIBRARY = "libc++";
				CLANG_ENABLE_MODULES = YES;
				CLANG_ENABLE_OBJC_ARC = YES;
				CLANG_ENABLE_OBJC_WEAK = YES;
				CLANG_WARN_BLOCK_CAPTURE_AUTORELEASING = YES;
				CLANG_WARN_BOOL_CONVERSION = YES;
				CLANG_WARN_COMMA = YES;
				CLANG_WARN_CONSTANT_CONVERSION = YES;
				CLANG_WARN_DEPRECATED_OBJC_IMPLEMENTATIONS = YES;
				CLANG_WARN_DIRECT_OBJC_ISA_USAGE = YES_ERROR;
				CLANG_WARN_DOCUMENTATION_COMMENTS = YES;
				CLANG_WARN_EMPTY_BODY = YES;
				CLANG_WARN_ENUM_CONVERSION = YES;
				CLANG_WARN_INFINITE_RECURSION = YES;
				CLANG_WARN_INT_CONVERSION = YES;
				CLANG_WARN_NON_LITERAL_NULL_CONVERSION = YES;
				CLANG_WARN_OBJC_IMPLICIT_RETAIN_SELF = YES;
				CLANG_WARN_OBJC_LITERAL_CONVERSION = YES;
				CLANG_WARN_OBJC_ROOT_CLASS = YES_ERROR;
				CLANG_WARN_RANGE_LOOP_ANALYSIS = YES;
				CLANG_WARN_STRICT_PROTOTYPES = YES;
				CLANG_WARN_SUSPICIOUS_MOVE = YES;
				CLANG_WARN_UNGUARDED_AVAILABILITY = YES_AGGRESSIVE;
				CLANG_WARN_UNREACHABLE_CODE = YES;
				CLANG_WARN__DUPLICATE_METHOD_MATCH = YES;
				COPY_PHASE_STRIP = NO;
				DEBUG_INFORMATION_FORMAT = dwarf;
				ENABLE_STRICT_OBJC_MSGSEND = YES;
				ENABLE_TESTABILITY = YES;
				GCC_C_LANGUAGE_STANDARD = gnu11;
				GCC_DYNAMIC_NO_PIC = NO;
				GCC_NO_COMMON_BLOCKS = YES;
				GCC_OPTIMIZATION_LEVEL = 0;
				GCC_PREPROCESSOR_DEFINITIONS = (
					"DEBUG=1",
					"$(inherited)",
				);
				GCC_WARN_64_TO_32_BIT_CONVERSION = YES;
				GCC_WARN_ABOUT_RETURN_TYPE = YES_ERROR;
				GCC_WARN_UNDECLARED_SELECTOR = YES;
				GCC_WARN_UNINITIALIZED_AUTOS = YES_AGGRESSIVE;
				GCC_WARN_UNUSED_FUNCTION = YES;
				GCC_WARN_UNUSED_VARIABLE = YES;
				IPHONEOS_DEPLOYMENT_TARGET = 13.1;
				MTL_ENABLE_DEBUG_INFO = INCLUDE_SOURCE;
				MTL_FAST_MATH = YES;
				ONLY_ACTIVE_ARCH = YES;
				SDKROOT = iphoneos;
				SWIFT_ACTIVE_COMPILATION_CONDITIONS = DEBUG;
				SWIFT_OPTIMIZATION_LEVEL = "-Onone";
			};
			name = Debug;
		};
		27C31AB123826CB500FBFE05 /* Release */ = {
			isa = XCBuildConfiguration;
			buildSettings = {
				ALWAYS_SEARCH_USER_PATHS = NO;
				CLANG_ANALYZER_NONNULL = YES;
				CLANG_ANALYZER_NUMBER_OBJECT_CONVERSION = YES_AGGRESSIVE;
				CLANG_CXX_LANGUAGE_STANDARD = "gnu++14";
				CLANG_CXX_LIBRARY = "libc++";
				CLANG_ENABLE_MODULES = YES;
				CLANG_ENABLE_OBJC_ARC = YES;
				CLANG_ENABLE_OBJC_WEAK = YES;
				CLANG_WARN_BLOCK_CAPTURE_AUTORELEASING = YES;
				CLANG_WARN_BOOL_CONVERSION = YES;
				CLANG_WARN_COMMA = YES;
				CLANG_WARN_CONSTANT_CONVERSION = YES;
				CLANG_WARN_DEPRECATED_OBJC_IMPLEMENTATIONS = YES;
				CLANG_WARN_DIRECT_OBJC_ISA_USAGE = YES_ERROR;
				CLANG_WARN_DOCUMENTATION_COMMENTS = YES;
				CLANG_WARN_EMPTY_BODY = YES;
				CLANG_WARN_ENUM_CONVERSION = YES;
				CLANG_WARN_INFINITE_RECURSION = YES;
				CLANG_WARN_INT_CONVERSION = YES;
				CLANG_WARN_NON_LITERAL_NULL_CONVERSION = YES;
				CLANG_WARN_OBJC_IMPLICIT_RETAIN_SELF = YES;
				CLANG_WARN_OBJC_LITERAL_CONVERSION = YES;
				CLANG_WARN_OBJC_ROOT_CLASS = YES_ERROR;
				CLANG_WARN_RANGE_LOOP_ANALYSIS = YES;
				CLANG_WARN_STRICT_PROTOTYPES = YES;
				CLANG_WARN_SUSPICIOUS_MOVE = YES;
				CLANG_WARN_UNGUARDED_AVAILABILITY = YES_AGGRESSIVE;
				CLANG_WARN_UNREACHABLE_CODE = YES;
				CLANG_WARN__DUPLICATE_METHOD_MATCH = YES;
				COPY_PHASE_STRIP = NO;
				DEBUG_INFORMATION_FORMAT = "dwarf-with-dsym";
				ENABLE_NS_ASSERTIONS = NO;
				ENABLE_STRICT_OBJC_MSGSEND = YES;
				GCC_C_LANGUAGE_STANDARD = gnu11;
				GCC_NO_COMMON_BLOCKS = YES;
				GCC_WARN_64_TO_32_BIT_CONVERSION = YES;
				GCC_WARN_ABOUT_RETURN_TYPE = YES_ERROR;
				GCC_WARN_UNDECLARED_SELECTOR = YES;
				GCC_WARN_UNINITIALIZED_AUTOS = YES_AGGRESSIVE;
				GCC_WARN_UNUSED_FUNCTION = YES;
				GCC_WARN_UNUSED_VARIABLE = YES;
				IPHONEOS_DEPLOYMENT_TARGET = 13.1;
				MTL_ENABLE_DEBUG_INFO = NO;
				MTL_FAST_MATH = YES;
				SDKROOT = iphoneos;
				SWIFT_COMPILATION_MODE = wholemodule;
				SWIFT_OPTIMIZATION_LEVEL = "-O";
				VALIDATE_PRODUCT = YES;
			};
			name = Release;
		};
		27C31AB323826CB500FBFE05 /* Debug */ = {
			isa = XCBuildConfiguration;
			baseConfigurationReference = 77C7A6194F209AD6ACA3532F /* Pods-MyCurrency.debug.xcconfig */;
			buildSettings = {
				ASSETCATALOG_COMPILER_APPICON_NAME = AppIcon;
				CODE_SIGN_STYLE = Automatic;
				DEVELOPMENT_TEAM = YA9963XF2B;
				INFOPLIST_FILE = MyCurrency/Info.plist;
				LD_RUNPATH_SEARCH_PATHS = (
					"$(inherited)",
					"@executable_path/Frameworks",
				);
				PRODUCT_BUNDLE_IDENTIFIER = arclaire.MyCurrency;
				PRODUCT_NAME = "$(TARGET_NAME)";
				SWIFT_VERSION = 5.0;
				TARGETED_DEVICE_FAMILY = "1,2";
			};
			name = Debug;
		};
		27C31AB423826CB500FBFE05 /* Release */ = {
			isa = XCBuildConfiguration;
			baseConfigurationReference = 9CB5D3252D33CEBCBF5765D3 /* Pods-MyCurrency.release.xcconfig */;
			buildSettings = {
				ASSETCATALOG_COMPILER_APPICON_NAME = AppIcon;
				CODE_SIGN_STYLE = Automatic;
				DEVELOPMENT_TEAM = YA9963XF2B;
				INFOPLIST_FILE = MyCurrency/Info.plist;
				LD_RUNPATH_SEARCH_PATHS = (
					"$(inherited)",
					"@executable_path/Frameworks",
				);
				PRODUCT_BUNDLE_IDENTIFIER = arclaire.MyCurrency;
				PRODUCT_NAME = "$(TARGET_NAME)";
				SWIFT_VERSION = 5.0;
				TARGETED_DEVICE_FAMILY = "1,2";
			};
			name = Release;
		};
		27C31AB623826CB500FBFE05 /* Debug */ = {
			isa = XCBuildConfiguration;
			baseConfigurationReference = F765094F1875342B7F0A2BA1 /* Pods-MyCurrencyTests.debug.xcconfig */;
			buildSettings = {
				ALWAYS_EMBED_SWIFT_STANDARD_LIBRARIES = YES;
				BUNDLE_LOADER = "$(TEST_HOST)";
				CODE_SIGN_STYLE = Automatic;
				DEVELOPMENT_TEAM = YA9963XF2B;
				INFOPLIST_FILE = MyCurrencyTests/Info.plist;
				IPHONEOS_DEPLOYMENT_TARGET = 13.1;
				LD_RUNPATH_SEARCH_PATHS = (
					"$(inherited)",
					"@executable_path/Frameworks",
					"@loader_path/Frameworks",
				);
				PRODUCT_BUNDLE_IDENTIFIER = arclaire.MyCurrencyTests;
				PRODUCT_NAME = "$(TARGET_NAME)";
				SWIFT_VERSION = 5.0;
				TARGETED_DEVICE_FAMILY = "1,2";
				TEST_HOST = "$(BUILT_PRODUCTS_DIR)/MyCurrency.app/MyCurrency";
			};
			name = Debug;
		};
		27C31AB723826CB500FBFE05 /* Release */ = {
			isa = XCBuildConfiguration;
			baseConfigurationReference = 7A7FA60399698DC44B7C1EC5 /* Pods-MyCurrencyTests.release.xcconfig */;
			buildSettings = {
				ALWAYS_EMBED_SWIFT_STANDARD_LIBRARIES = YES;
				BUNDLE_LOADER = "$(TEST_HOST)";
				CODE_SIGN_STYLE = Automatic;
				DEVELOPMENT_TEAM = YA9963XF2B;
				INFOPLIST_FILE = MyCurrencyTests/Info.plist;
				IPHONEOS_DEPLOYMENT_TARGET = 13.1;
				LD_RUNPATH_SEARCH_PATHS = (
					"$(inherited)",
					"@executable_path/Frameworks",
					"@loader_path/Frameworks",
				);
				PRODUCT_BUNDLE_IDENTIFIER = arclaire.MyCurrencyTests;
				PRODUCT_NAME = "$(TARGET_NAME)";
				SWIFT_VERSION = 5.0;
				TARGETED_DEVICE_FAMILY = "1,2";
				TEST_HOST = "$(BUILT_PRODUCTS_DIR)/MyCurrency.app/MyCurrency";
			};
			name = Release;
		};
		27C31AB923826CB500FBFE05 /* Debug */ = {
			isa = XCBuildConfiguration;
			baseConfigurationReference = E5175CD2857E0D77445615EE /* Pods-MyCurrency-MyCurrencyUITests.debug.xcconfig */;
			buildSettings = {
				ALWAYS_EMBED_SWIFT_STANDARD_LIBRARIES = YES;
				CODE_SIGN_STYLE = Automatic;
				DEVELOPMENT_TEAM = YA9963XF2B;
				INFOPLIST_FILE = MyCurrencyUITests/Info.plist;
				LD_RUNPATH_SEARCH_PATHS = (
					"$(inherited)",
					"@executable_path/Frameworks",
					"@loader_path/Frameworks",
				);
				PRODUCT_BUNDLE_IDENTIFIER = arclaire.MyCurrencyUITests;
				PRODUCT_NAME = "$(TARGET_NAME)";
				SWIFT_VERSION = 5.0;
				TARGETED_DEVICE_FAMILY = "1,2";
				TEST_TARGET_NAME = MyCurrency;
			};
			name = Debug;
		};
		27C31ABA23826CB500FBFE05 /* Release */ = {
			isa = XCBuildConfiguration;
			baseConfigurationReference = 7CCBB90FA9A0B43FA3106519 /* Pods-MyCurrency-MyCurrencyUITests.release.xcconfig */;
			buildSettings = {
				ALWAYS_EMBED_SWIFT_STANDARD_LIBRARIES = YES;
				CODE_SIGN_STYLE = Automatic;
				DEVELOPMENT_TEAM = YA9963XF2B;
				INFOPLIST_FILE = MyCurrencyUITests/Info.plist;
				LD_RUNPATH_SEARCH_PATHS = (
					"$(inherited)",
					"@executable_path/Frameworks",
					"@loader_path/Frameworks",
				);
				PRODUCT_BUNDLE_IDENTIFIER = arclaire.MyCurrencyUITests;
				PRODUCT_NAME = "$(TARGET_NAME)";
				SWIFT_VERSION = 5.0;
				TARGETED_DEVICE_FAMILY = "1,2";
				TEST_TARGET_NAME = MyCurrency;
			};
			name = Release;
		};
/* End XCBuildConfiguration section */

/* Begin XCConfigurationList section */
		27C31A8323826CB000FBFE05 /* Build configuration list for PBXProject "MyCurrency" */ = {
			isa = XCConfigurationList;
			buildConfigurations = (
				27C31AB023826CB500FBFE05 /* Debug */,
				27C31AB123826CB500FBFE05 /* Release */,
			);
			defaultConfigurationIsVisible = 0;
			defaultConfigurationName = Release;
		};
		27C31AB223826CB500FBFE05 /* Build configuration list for PBXNativeTarget "MyCurrency" */ = {
			isa = XCConfigurationList;
			buildConfigurations = (
				27C31AB323826CB500FBFE05 /* Debug */,
				27C31AB423826CB500FBFE05 /* Release */,
			);
			defaultConfigurationIsVisible = 0;
			defaultConfigurationName = Release;
		};
		27C31AB523826CB500FBFE05 /* Build configuration list for PBXNativeTarget "MyCurrencyTests" */ = {
			isa = XCConfigurationList;
			buildConfigurations = (
				27C31AB623826CB500FBFE05 /* Debug */,
				27C31AB723826CB500FBFE05 /* Release */,
			);
			defaultConfigurationIsVisible = 0;
			defaultConfigurationName = Release;
		};
		27C31AB823826CB500FBFE05 /* Build configuration list for PBXNativeTarget "MyCurrencyUITests" */ = {
			isa = XCConfigurationList;
			buildConfigurations = (
				27C31AB923826CB500FBFE05 /* Debug */,
				27C31ABA23826CB500FBFE05 /* Release */,
			);
			defaultConfigurationIsVisible = 0;
			defaultConfigurationName = Release;
		};
/* End XCConfigurationList section */
	};
	rootObject = 27C31A8023826CB000FBFE05 /* Project object */;
}
